// !$*UTF8*$!
{
	archiveVersion = 1;
	classes = {
	};
	objectVersion = 55;
	objects = {

/* Begin PBXBuildFile section */
		49164B9523452B34AD2F113C /* Pods_Chat_Room_Demo.framework in Frameworks */ = {isa = PBXBuildFile; fileRef = 269901A6267F7A681D9677CC /* Pods_Chat_Room_Demo.framework */; };
		CE1A3BD9277DA34F00AAD596 /* LoginView.swift in Sources */ = {isa = PBXBuildFile; fileRef = CE1A3BD8277DA34F00AAD596 /* LoginView.swift */; };
		CE1C231E2782914F008A8B14 /* SessionManager.swift in Sources */ = {isa = PBXBuildFile; fileRef = CE1C231D2782914F008A8B14 /* SessionManager.swift */; };
		CE1C2320278296C4008A8B14 /* SignUpView.swift in Sources */ = {isa = PBXBuildFile; fileRef = CE1C231F278296C4008A8B14 /* SignUpView.swift */; };
		CE1C2322278296E3008A8B14 /* RoomSelectView.swift in Sources */ = {isa = PBXBuildFile; fileRef = CE1C2321278296E3008A8B14 /* RoomSelectView.swift */; };
		CE1C2324278296F7008A8B14 /* ChatRoomView.swift in Sources */ = {isa = PBXBuildFile; fileRef = CE1C2323278296F7008A8B14 /* ChatRoomView.swift */; };
		CE1C232B2782D835008A8B14 /* amplifyconfiguration.json in Resources */ = {isa = PBXBuildFile; fileRef = CE1C23292782D835008A8B14 /* amplifyconfiguration.json */; };
		CE1C232C2782D835008A8B14 /* awsconfiguration.json in Resources */ = {isa = PBXBuildFile; fileRef = CE1C232A2782D835008A8B14 /* awsconfiguration.json */; };
		CE1C232E27830C4A008A8B14 /* graphql in Resources */ = {isa = PBXBuildFile; fileRef = CE1C232D27830C4A008A8B14 /* graphql */; };
		CE1C2332278319B0008A8B14 /* API.swift in Sources */ = {isa = PBXBuildFile; fileRef = CE1C2331278319B0008A8B14 /* API.swift */; };
		CE1C23342783D071008A8B14 /* GraphQLManager.swift in Sources */ = {isa = PBXBuildFile; fileRef = CE1C23332783D071008A8B14 /* GraphQLManager.swift */; };
		CE1C23362784045B008A8B14 /* ChatView.swift in Sources */ = {isa = PBXBuildFile; fileRef = CE1C23352784045B008A8B14 /* ChatView.swift */; };
		CE9F2C2527379DAE00C8C0DE /* Chat_Room_DemoApp.swift in Sources */ = {isa = PBXBuildFile; fileRef = CE9F2C2427379DAE00C8C0DE /* Chat_Room_DemoApp.swift */; };
		CE9F2C2727379DAE00C8C0DE /* ContentView.swift in Sources */ = {isa = PBXBuildFile; fileRef = CE9F2C2627379DAE00C8C0DE /* ContentView.swift */; };
		CE9F2C2927379DAF00C8C0DE /* Assets.xcassets in Resources */ = {isa = PBXBuildFile; fileRef = CE9F2C2827379DAF00C8C0DE /* Assets.xcassets */; };
		CE9F2C2C27379DAF00C8C0DE /* Preview Assets.xcassets in Resources */ = {isa = PBXBuildFile; fileRef = CE9F2C2B27379DAF00C8C0DE /* Preview Assets.xcassets */; };
/* End PBXBuildFile section */

/* Begin PBXFileReference section */
		269901A6267F7A681D9677CC /* Pods_Chat_Room_Demo.framework */ = {isa = PBXFileReference; explicitFileType = wrapper.framework; includeInIndex = 0; path = Pods_Chat_Room_Demo.framework; sourceTree = BUILT_PRODUCTS_DIR; };
		6BE870FA11D3674D60A05F79 /* Pods-Chat Room Demo.debug.xcconfig */ = {isa = PBXFileReference; includeInIndex = 1; lastKnownFileType = text.xcconfig; name = "Pods-Chat Room Demo.debug.xcconfig"; path = "Target Support Files/Pods-Chat Room Demo/Pods-Chat Room Demo.debug.xcconfig"; sourceTree = "<group>"; };
		B014A62AD55258D76A07762D /* Pods-Chat Room Demo.release.xcconfig */ = {isa = PBXFileReference; includeInIndex = 1; lastKnownFileType = text.xcconfig; name = "Pods-Chat Room Demo.release.xcconfig"; path = "Target Support Files/Pods-Chat Room Demo/Pods-Chat Room Demo.release.xcconfig"; sourceTree = "<group>"; };
		CE1A3BD8277DA34F00AAD596 /* LoginView.swift */ = {isa = PBXFileReference; lastKnownFileType = sourcecode.swift; path = LoginView.swift; sourceTree = "<group>"; };
		CE1C231D2782914F008A8B14 /* SessionManager.swift */ = {isa = PBXFileReference; lastKnownFileType = sourcecode.swift; path = SessionManager.swift; sourceTree = "<group>"; };
		CE1C231F278296C4008A8B14 /* SignUpView.swift */ = {isa = PBXFileReference; lastKnownFileType = sourcecode.swift; path = SignUpView.swift; sourceTree = "<group>"; };
		CE1C2321278296E3008A8B14 /* RoomSelectView.swift */ = {isa = PBXFileReference; lastKnownFileType = sourcecode.swift; path = RoomSelectView.swift; sourceTree = "<group>"; };
		CE1C2323278296F7008A8B14 /* ChatRoomView.swift */ = {isa = PBXFileReference; lastKnownFileType = sourcecode.swift; path = ChatRoomView.swift; sourceTree = "<group>"; };
		CE1C23292782D835008A8B14 /* amplifyconfiguration.json */ = {isa = PBXFileReference; fileEncoding = 4; lastKnownFileType = text.json; path = amplifyconfiguration.json; sourceTree = SOURCE_ROOT; };
		CE1C232A2782D835008A8B14 /* awsconfiguration.json */ = {isa = PBXFileReference; fileEncoding = 4; lastKnownFileType = text.json; path = awsconfiguration.json; sourceTree = SOURCE_ROOT; };
		CE1C232D27830C4A008A8B14 /* graphql */ = {isa = PBXFileReference; fileEncoding = 4; lastKnownFileType = text; path = graphql; sourceTree = SOURCE_ROOT; };
		CE1C2331278319B0008A8B14 /* API.swift */ = {isa = PBXFileReference; fileEncoding = 4; lastKnownFileType = sourcecode.swift; path = API.swift; sourceTree = "<group>"; };
		CE1C23332783D071008A8B14 /* GraphQLManager.swift */ = {isa = PBXFileReference; lastKnownFileType = sourcecode.swift; path = GraphQLManager.swift; sourceTree = "<group>"; };
		CE1C23352784045B008A8B14 /* ChatView.swift */ = {isa = PBXFileReference; lastKnownFileType = sourcecode.swift; path = ChatView.swift; sourceTree = "<group>"; };
		CE9F2C2127379DAE00C8C0DE /* Chat Room Demo.app */ = {isa = PBXFileReference; explicitFileType = wrapper.application; includeInIndex = 0; path = "Chat Room Demo.app"; sourceTree = BUILT_PRODUCTS_DIR; };
		CE9F2C2427379DAE00C8C0DE /* Chat_Room_DemoApp.swift */ = {isa = PBXFileReference; lastKnownFileType = sourcecode.swift; path = Chat_Room_DemoApp.swift; sourceTree = "<group>"; };
		CE9F2C2627379DAE00C8C0DE /* ContentView.swift */ = {isa = PBXFileReference; lastKnownFileType = sourcecode.swift; path = ContentView.swift; sourceTree = "<group>"; };
		CE9F2C2827379DAF00C8C0DE /* Assets.xcassets */ = {isa = PBXFileReference; lastKnownFileType = folder.assetcatalog; path = Assets.xcassets; sourceTree = "<group>"; };
		CE9F2C2B27379DAF00C8C0DE /* Preview Assets.xcassets */ = {isa = PBXFileReference; lastKnownFileType = folder.assetcatalog; path = "Preview Assets.xcassets"; sourceTree = "<group>"; };
/* End PBXFileReference section */

/* Begin PBXFrameworksBuildPhase section */
		CE9F2C1E27379DAE00C8C0DE /* Frameworks */ = {
			isa = PBXFrameworksBuildPhase;
			buildActionMask = 2147483647;
			files = (
				49164B9523452B34AD2F113C /* Pods_Chat_Room_Demo.framework in Frameworks */,
			);
			runOnlyForDeploymentPostprocessing = 0;
		};
/* End PBXFrameworksBuildPhase section */

/* Begin PBXGroup section */
		8B29CB30F96B95AB69382466 /* Frameworks */ = {
			isa = PBXGroup;
			children = (
				269901A6267F7A681D9677CC /* Pods_Chat_Room_Demo.framework */,
			);
			name = Frameworks;
			sourceTree = "<group>";
		};
		CE1A3BD7277DA2AA00AAD596 /* view */ = {
			isa = PBXGroup;
			children = (
				CE9F2C2627379DAE00C8C0DE /* ContentView.swift */,
				CE1C2321278296E3008A8B14 /* RoomSelectView.swift */,
				CE1A3BD8277DA34F00AAD596 /* LoginView.swift */,
				CE1C231F278296C4008A8B14 /* SignUpView.swift */,
				CE1C2323278296F7008A8B14 /* ChatRoomView.swift */,
				CE1C23352784045B008A8B14 /* ChatView.swift */,
			);
			name = view;
			sourceTree = "<group>";
		};
		CE1C231C2782912B008A8B14 /* manager */ = {
			isa = PBXGroup;
			children = (
				CE1C2331278319B0008A8B14 /* API.swift */,
				CE1C231D2782914F008A8B14 /* SessionManager.swift */,
				CE1C23332783D071008A8B14 /* GraphQLManager.swift */,
			);
			name = manager;
			sourceTree = "<group>";
		};
		CE9F2C1827379DAE00C8C0DE = {
			isa = PBXGroup;
			children = (
				CE9F2C2327379DAE00C8C0DE /* Chat Room Demo */,
				CE9F2C2227379DAE00C8C0DE /* Products */,
				FAAF34BA94E05A69CE9D7B3A /* Pods */,
				8B29CB30F96B95AB69382466 /* Frameworks */,
			);
			sourceTree = "<group>";
		};
		CE9F2C2227379DAE00C8C0DE /* Products */ = {
			isa = PBXGroup;
			children = (
				CE9F2C2127379DAE00C8C0DE /* Chat Room Demo.app */,
			);
			name = Products;
			sourceTree = "<group>";
		};
		CE9F2C2327379DAE00C8C0DE /* Chat Room Demo */ = {
			isa = PBXGroup;
			children = (
				CE1C232D27830C4A008A8B14 /* graphql */,
				CE1C23292782D835008A8B14 /* amplifyconfiguration.json */,
				CE1C232A2782D835008A8B14 /* awsconfiguration.json */,
				CE1C231C2782912B008A8B14 /* manager */,
				CE1A3BD7277DA2AA00AAD596 /* view */,
				CE9F2C2427379DAE00C8C0DE /* Chat_Room_DemoApp.swift */,
				CE9F2C2827379DAF00C8C0DE /* Assets.xcassets */,
				CE9F2C2A27379DAF00C8C0DE /* Preview Content */,
			);
			path = "Chat Room Demo";
			sourceTree = "<group>";
		};
		CE9F2C2A27379DAF00C8C0DE /* Preview Content */ = {
			isa = PBXGroup;
			children = (
				CE9F2C2B27379DAF00C8C0DE /* Preview Assets.xcassets */,
			);
			path = "Preview Content";
			sourceTree = "<group>";
		};
		FAAF34BA94E05A69CE9D7B3A /* Pods */ = {
			isa = PBXGroup;
			children = (
				6BE870FA11D3674D60A05F79 /* Pods-Chat Room Demo.debug.xcconfig */,
				B014A62AD55258D76A07762D /* Pods-Chat Room Demo.release.xcconfig */,
			);
			path = Pods;
			sourceTree = "<group>";
		};
/* End PBXGroup section */

/* Begin PBXNativeTarget section */
		CE9F2C2027379DAE00C8C0DE /* Chat Room Demo */ = {
			isa = PBXNativeTarget;
			buildConfigurationList = CE9F2C2F27379DAF00C8C0DE /* Build configuration list for PBXNativeTarget "Chat Room Demo" */;
			buildPhases = (
				B929A640E3C97781B61D5738 /* [CP] Check Pods Manifest.lock */,
				CE9F2C1D27379DAE00C8C0DE /* Sources */,
				CE9F2C1E27379DAE00C8C0DE /* Frameworks */,
				CE9F2C1F27379DAE00C8C0DE /* Resources */,
				642403642FF456978D01AB2B /* [CP] Embed Pods Frameworks */,
			);
			buildRules = (
			);
			dependencies = (
			);
			name = "Chat Room Demo";
			productName = "Chat Room Demo";
			productReference = CE9F2C2127379DAE00C8C0DE /* Chat Room Demo.app */;
			productType = "com.apple.product-type.application";
		};
/* End PBXNativeTarget section */

/* Begin PBXProject section */
		CE9F2C1927379DAE00C8C0DE /* Project object */ = {
			isa = PBXProject;
			attributes = {
				BuildIndependentTargetsInParallel = 1;
				LastSwiftUpdateCheck = 1310;
				LastUpgradeCheck = 1310;
				TargetAttributes = {
					CE9F2C2027379DAE00C8C0DE = {
						CreatedOnToolsVersion = 13.1;
					};
				};
			};
			buildConfigurationList = CE9F2C1C27379DAE00C8C0DE /* Build configuration list for PBXProject "Chat Room Demo" */;
			compatibilityVersion = "Xcode 13.0";
			developmentRegion = en;
			hasScannedForEncodings = 0;
			knownRegions = (
				en,
				Base,
			);
			mainGroup = CE9F2C1827379DAE00C8C0DE;
			productRefGroup = CE9F2C2227379DAE00C8C0DE /* Products */;
			projectDirPath = "";
			projectRoot = "";
			targets = (
				CE9F2C2027379DAE00C8C0DE /* Chat Room Demo */,
			);
		};
/* End PBXProject section */

/* Begin PBXResourcesBuildPhase section */
		CE9F2C1F27379DAE00C8C0DE /* Resources */ = {
			isa = PBXResourcesBuildPhase;
			buildActionMask = 2147483647;
			files = (
				CE1C232C2782D835008A8B14 /* awsconfiguration.json in Resources */,
				CE9F2C2C27379DAF00C8C0DE /* Preview Assets.xcassets in Resources */,
				CE1C232E27830C4A008A8B14 /* graphql in Resources */,
				CE1C232B2782D835008A8B14 /* amplifyconfiguration.json in Resources */,
				CE9F2C2927379DAF00C8C0DE /* Assets.xcassets in Resources */,
			);
			runOnlyForDeploymentPostprocessing = 0;
		};
/* End PBXResourcesBuildPhase section */

/* Begin PBXShellScriptBuildPhase section */
		642403642FF456978D01AB2B /* [CP] Embed Pods Frameworks */ = {
			isa = PBXShellScriptBuildPhase;
			buildActionMask = 2147483647;
			files = (
			);
			inputFileListPaths = (
				"${PODS_ROOT}/Target Support Files/Pods-Chat Room Demo/Pods-Chat Room Demo-frameworks-${CONFIGURATION}-input-files.xcfilelist",
			);
			name = "[CP] Embed Pods Frameworks";
			outputFileListPaths = (
				"${PODS_ROOT}/Target Support Files/Pods-Chat Room Demo/Pods-Chat Room Demo-frameworks-${CONFIGURATION}-output-files.xcfilelist",
			);
			runOnlyForDeploymentPostprocessing = 0;
			shellPath = /bin/sh;
			shellScript = "\"${PODS_ROOT}/Target Support Files/Pods-Chat Room Demo/Pods-Chat Room Demo-frameworks.sh\"\n";
			showEnvVarsInLog = 0;
		};
		B929A640E3C97781B61D5738 /* [CP] Check Pods Manifest.lock */ = {
			isa = PBXShellScriptBuildPhase;
			buildActionMask = 2147483647;
			files = (
			);
			inputFileListPaths = (
			);
			inputPaths = (
				"${PODS_PODFILE_DIR_PATH}/Podfile.lock",
				"${PODS_ROOT}/Manifest.lock",
			);
			name = "[CP] Check Pods Manifest.lock";
			outputFileListPaths = (
			);
			outputPaths = (
				"$(DERIVED_FILE_DIR)/Pods-Chat Room Demo-checkManifestLockResult.txt",
			);
			runOnlyForDeploymentPostprocessing = 0;
			shellPath = /bin/sh;
			shellScript = "diff \"${PODS_PODFILE_DIR_PATH}/Podfile.lock\" \"${PODS_ROOT}/Manifest.lock\" > /dev/null\nif [ $? != 0 ] ; then\n    # print error to STDERR\n    echo \"error: The sandbox is not in sync with the Podfile.lock. Run 'pod install' or update your CocoaPods installation.\" >&2\n    exit 1\nfi\n# This output is used by Xcode 'outputs' to avoid re-running this script phase.\necho \"SUCCESS\" > \"${SCRIPT_OUTPUT_FILE_0}\"\n";
			showEnvVarsInLog = 0;
		};
/* End PBXShellScriptBuildPhase section */

/* Begin PBXSourcesBuildPhase section */
		CE9F2C1D27379DAE00C8C0DE /* Sources */ = {
			isa = PBXSourcesBuildPhase;
			buildActionMask = 2147483647;
			files = (
				CE1A3BD9277DA34F00AAD596 /* LoginView.swift in Sources */,
				CE1C2322278296E3008A8B14 /* RoomSelectView.swift in Sources */,
				CE1C23362784045B008A8B14 /* ChatView.swift in Sources */,
				CE9F2C2727379DAE00C8C0DE /* ContentView.swift in Sources */,
				CE1C2332278319B0008A8B14 /* API.swift in Sources */,
				CE1C231E2782914F008A8B14 /* SessionManager.swift in Sources */,
				CE1C2324278296F7008A8B14 /* ChatRoomView.swift in Sources */,
				CE1C2320278296C4008A8B14 /* SignUpView.swift in Sources */,
				CE1C23342783D071008A8B14 /* GraphQLManager.swift in Sources */,
				CE9F2C2527379DAE00C8C0DE /* Chat_Room_DemoApp.swift in Sources */,
			);
			runOnlyForDeploymentPostprocessing = 0;
		};
/* End PBXSourcesBuildPhase section */

/* Begin XCBuildConfiguration section */
		CE9F2C2D27379DAF00C8C0DE /* Debug */ = {
			isa = XCBuildConfiguration;
			buildSettings = {
				ALWAYS_SEARCH_USER_PATHS = NO;
				CLANG_ANALYZER_NONNULL = YES;
				CLANG_ANALYZER_NUMBER_OBJECT_CONVERSION = YES_AGGRESSIVE;
				CLANG_CXX_LANGUAGE_STANDARD = "gnu++17";
				CLANG_CXX_LIBRARY = "libc++";
				CLANG_ENABLE_MODULES = YES;
				CLANG_ENABLE_OBJC_ARC = YES;
				CLANG_ENABLE_OBJC_WEAK = YES;
				CLANG_WARN_BLOCK_CAPTURE_AUTORELEASING = YES;
				CLANG_WARN_BOOL_CONVERSION = YES;
				CLANG_WARN_COMMA = YES;
				CLANG_WARN_CONSTANT_CONVERSION = YES;
				CLANG_WARN_DEPRECATED_OBJC_IMPLEMENTATIONS = YES;
				CLANG_WARN_DIRECT_OBJC_ISA_USAGE = YES_ERROR;
				CLANG_WARN_DOCUMENTATION_COMMENTS = YES;
				CLANG_WARN_EMPTY_BODY = YES;
				CLANG_WARN_ENUM_CONVERSION = YES;
				CLANG_WARN_INFINITE_RECURSION = YES;
				CLANG_WARN_INT_CONVERSION = YES;
				CLANG_WARN_NON_LITERAL_NULL_CONVERSION = YES;
				CLANG_WARN_OBJC_IMPLICIT_RETAIN_SELF = YES;
				CLANG_WARN_OBJC_LITERAL_CONVERSION = YES;
				CLANG_WARN_OBJC_ROOT_CLASS = YES_ERROR;
				CLANG_WARN_QUOTED_INCLUDE_IN_FRAMEWORK_HEADER = YES;
				CLANG_WARN_RANGE_LOOP_ANALYSIS = YES;
				CLANG_WARN_STRICT_PROTOTYPES = YES;
				CLANG_WARN_SUSPICIOUS_MOVE = YES;
				CLANG_WARN_UNGUARDED_AVAILABILITY = YES_AGGRESSIVE;
				CLANG_WARN_UNREACHABLE_CODE = YES;
				CLANG_WARN__DUPLICATE_METHOD_MATCH = YES;
				COPY_PHASE_STRIP = NO;
				DEBUG_INFORMATION_FORMAT = dwarf;
				ENABLE_STRICT_OBJC_MSGSEND = YES;
				ENABLE_TESTABILITY = YES;
				GCC_C_LANGUAGE_STANDARD = gnu11;
				GCC_DYNAMIC_NO_PIC = NO;
				GCC_NO_COMMON_BLOCKS = YES;
				GCC_OPTIMIZATION_LEVEL = 0;
				GCC_PREPROCESSOR_DEFINITIONS = (
					"DEBUG=1",
					"$(inherited)",
				);
				GCC_WARN_64_TO_32_BIT_CONVERSION = YES;
				GCC_WARN_ABOUT_RETURN_TYPE = YES_ERROR;
				GCC_WARN_UNDECLARED_SELECTOR = YES;
				GCC_WARN_UNINITIALIZED_AUTOS = YES_AGGRESSIVE;
				GCC_WARN_UNUSED_FUNCTION = YES;
				GCC_WARN_UNUSED_VARIABLE = YES;
				IPHONEOS_DEPLOYMENT_TARGET = 15.0;
				MTL_ENABLE_DEBUG_INFO = INCLUDE_SOURCE;
				MTL_FAST_MATH = YES;
				ONLY_ACTIVE_ARCH = YES;
				SDKROOT = iphoneos;
				SWIFT_ACTIVE_COMPILATION_CONDITIONS = DEBUG;
				SWIFT_OPTIMIZATION_LEVEL = "-Onone";
			};
			name = Debug;
		};
		CE9F2C2E27379DAF00C8C0DE /* Release */ = {
			isa = XCBuildConfiguration;
			buildSettings = {
				ALWAYS_SEARCH_USER_PATHS = NO;
				CLANG_ANALYZER_NONNULL = YES;
				CLANG_ANALYZER_NUMBER_OBJECT_CONVERSION = YES_AGGRESSIVE;
				CLANG_CXX_LANGUAGE_STANDARD = "gnu++17";
				CLANG_CXX_LIBRARY = "libc++";
				CLANG_ENABLE_MODULES = YES;
				CLANG_ENABLE_OBJC_ARC = YES;
				CLANG_ENABLE_OBJC_WEAK = YES;
				CLANG_WARN_BLOCK_CAPTURE_AUTORELEASING = YES;
				CLANG_WARN_BOOL_CONVERSION = YES;
				CLANG_WARN_COMMA = YES;
				CLANG_WARN_CONSTANT_CONVERSION = YES;
				CLANG_WARN_DEPRECATED_OBJC_IMPLEMENTATIONS = YES;
				CLANG_WARN_DIRECT_OBJC_ISA_USAGE = YES_ERROR;
				CLANG_WARN_DOCUMENTATION_COMMENTS = YES;
				CLANG_WARN_EMPTY_BODY = YES;
				CLANG_WARN_ENUM_CONVERSION = YES;
				CLANG_WARN_INFINITE_RECURSION = YES;
				CLANG_WARN_INT_CONVERSION = YES;
				CLANG_WARN_NON_LITERAL_NULL_CONVERSION = YES;
				CLANG_WARN_OBJC_IMPLICIT_RETAIN_SELF = YES;
				CLANG_WARN_OBJC_LITERAL_CONVERSION = YES;
				CLANG_WARN_OBJC_ROOT_CLASS = YES_ERROR;
				CLANG_WARN_QUOTED_INCLUDE_IN_FRAMEWORK_HEADER = YES;
				CLANG_WARN_RANGE_LOOP_ANALYSIS = YES;
				CLANG_WARN_STRICT_PROTOTYPES = YES;
				CLANG_WARN_SUSPICIOUS_MOVE = YES;
				CLANG_WARN_UNGUARDED_AVAILABILITY = YES_AGGRESSIVE;
				CLANG_WARN_UNREACHABLE_CODE = YES;
				CLANG_WARN__DUPLICATE_METHOD_MATCH = YES;
				COPY_PHASE_STRIP = NO;
				DEBUG_INFORMATION_FORMAT = "dwarf-with-dsym";
				ENABLE_NS_ASSERTIONS = NO;
				ENABLE_STRICT_OBJC_MSGSEND = YES;
				GCC_C_LANGUAGE_STANDARD = gnu11;
				GCC_NO_COMMON_BLOCKS = YES;
				GCC_WARN_64_TO_32_BIT_CONVERSION = YES;
				GCC_WARN_ABOUT_RETURN_TYPE = YES_ERROR;
				GCC_WARN_UNDECLARED_SELECTOR = YES;
				GCC_WARN_UNINITIALIZED_AUTOS = YES_AGGRESSIVE;
				GCC_WARN_UNUSED_FUNCTION = YES;
				GCC_WARN_UNUSED_VARIABLE = YES;
				IPHONEOS_DEPLOYMENT_TARGET = 15.0;
				MTL_ENABLE_DEBUG_INFO = NO;
				MTL_FAST_MATH = YES;
				SDKROOT = iphoneos;
				SWIFT_COMPILATION_MODE = wholemodule;
				SWIFT_OPTIMIZATION_LEVEL = "-O";
				VALIDATE_PRODUCT = YES;
			};
			name = Release;
		};
		CE9F2C3027379DAF00C8C0DE /* Debug */ = {
			isa = XCBuildConfiguration;
			baseConfigurationReference = 6BE870FA11D3674D60A05F79 /* Pods-Chat Room Demo.debug.xcconfig */;
			buildSettings = {
				ASSETCATALOG_COMPILER_APPICON_NAME = AppIcon;
				ASSETCATALOG_COMPILER_GLOBAL_ACCENT_COLOR_NAME = AccentColor;
				CODE_SIGN_STYLE = Automatic;
				CURRENT_PROJECT_VERSION = 1;
				DEVELOPMENT_ASSET_PATHS = "\"Chat Room Demo/Preview Content\"";
				ENABLE_PREVIEWS = YES;
				GENERATE_INFOPLIST_FILE = YES;
				INFOPLIST_KEY_UIApplicationSceneManifest_Generation = YES;
				INFOPLIST_KEY_UIApplicationSupportsIndirectInputEvents = YES;
				INFOPLIST_KEY_UILaunchScreen_Generation = YES;
				INFOPLIST_KEY_UISupportedInterfaceOrientations_iPad = "UIInterfaceOrientationPortrait UIInterfaceOrientationPortraitUpsideDown UIInterfaceOrientationLandscapeLeft UIInterfaceOrientationLandscapeRight";
				INFOPLIST_KEY_UISupportedInterfaceOrientations_iPhone = "UIInterfaceOrientationPortrait UIInterfaceOrientationLandscapeLeft UIInterfaceOrientationLandscapeRight";
				LD_RUNPATH_SEARCH_PATHS = (
					"$(inherited)",
					"@executable_path/Frameworks",
				);
				MARKETING_VERSION = 1.0;
				PRODUCT_BUNDLE_IDENTIFIER = "com.MaiQuangLinh.Chat-Room-Demo";
				PRODUCT_NAME = "$(TARGET_NAME)";
				SWIFT_EMIT_LOC_STRINGS = YES;
				SWIFT_VERSION = 5.0;
				TARGETED_DEVICE_FAMILY = "1,2";
			};
			name = Debug;
		};
		CE9F2C3127379DAF00C8C0DE /* Release */ = {
			isa = XCBuildConfiguration;
			baseConfigurationReference = B014A62AD55258D76A07762D /* Pods-Chat Room Demo.release.xcconfig */;
			buildSettings = {
				ASSETCATALOG_COMPILER_APPICON_NAME = AppIcon;
				ASSETCATALOG_COMPILER_GLOBAL_ACCENT_COLOR_NAME = AccentColor;
				CODE_SIGN_STYLE = Automatic;
				CURRENT_PROJECT_VERSION = 1;
				DEVELOPMENT_ASSET_PATHS = "\"Chat Room Demo/Preview Content\"";
				ENABLE_PREVIEWS = YES;
				GENERATE_INFOPLIST_FILE = YES;
				INFOPLIST_KEY_UIApplicationSceneManifest_Generation = YES;
				INFOPLIST_KEY_UIApplicationSupportsIndirectInputEvents = YES;
				INFOPLIST_KEY_UILaunchScreen_Generation = YES;
				INFOPLIST_KEY_UISupportedInterfaceOrientations_iPad = "UIInterfaceOrientationPortrait UIInterfaceOrientationPortraitUpsideDown UIInterfaceOrientationLandscapeLeft UIInterfaceOrientationLandscapeRight";
				INFOPLIST_KEY_UISupportedInterfaceOrientations_iPhone = "UIInterfaceOrientationPortrait UIInterfaceOrientationLandscapeLeft UIInterfaceOrientationLandscapeRight";
				LD_RUNPATH_SEARCH_PATHS = (
					"$(inherited)",
					"@executable_path/Frameworks",
				);
				MARKETING_VERSION = 1.0;
				PRODUCT_BUNDLE_IDENTIFIER = "com.MaiQuangLinh.Chat-Room-Demo";
				PRODUCT_NAME = "$(TARGET_NAME)";
				SWIFT_EMIT_LOC_STRINGS = YES;
				SWIFT_VERSION = 5.0;
				TARGETED_DEVICE_FAMILY = "1,2";
			};
			name = Release;
		};
/* End XCBuildConfiguration section */

/* Begin XCConfigurationList section */
		CE9F2C1C27379DAE00C8C0DE /* Build configuration list for PBXProject "Chat Room Demo" */ = {
			isa = XCConfigurationList;
			buildConfigurations = (
				CE9F2C2D27379DAF00C8C0DE /* Debug */,
				CE9F2C2E27379DAF00C8C0DE /* Release */,
			);
			defaultConfigurationIsVisible = 0;
			defaultConfigurationName = Release;
		};
		CE9F2C2F27379DAF00C8C0DE /* Build configuration list for PBXNativeTarget "Chat Room Demo" */ = {
			isa = XCConfigurationList;
			buildConfigurations = (
				CE9F2C3027379DAF00C8C0DE /* Debug */,
				CE9F2C3127379DAF00C8C0DE /* Release */,
			);
			defaultConfigurationIsVisible = 0;
			defaultConfigurationName = Release;
		};
/* End XCConfigurationList section */
	};
	rootObject = CE9F2C1927379DAE00C8C0DE /* Project object */;
}
